
Microsoft Visual Studio Solution File, Format Version 12.00
# Visual Studio Version 17
VisualStudioVersion = 17.11.35219.272
MinimumVisualStudioVersion = 10.0.40219.1
Project("{FAE04EC0-301F-11D3-BF4B-00C04F79EFBC}") = "matematica 2", "matematica 2.csproj", "{85B6584C-58AB-448C-BD3F-46B1ED6A3A86}"
EndProject
Global
	GlobalSection(SolutionConfigurationPlatforms) = preSolution
		Debug|Any CPU = Debug|Any CPU
		Release|Any CPU = Release|Any CPU
	EndGlobalSection
	GlobalSection(ProjectConfigurationPlatforms) = postSolution
		{85B6584C-58AB-448C-BD3F-46B1ED6A3A86}.Debug|Any CPU.ActiveCfg = Debug|Any CPU
		{85B6584C-58AB-448C-BD3F-46B1ED6A3A86}.Debug|Any CPU.Build.0 = Debug|Any CPU
		{85B6584C-58AB-448C-BD3F-46B1ED6A3A86}.Release|Any CPU.ActiveCfg = Release|Any CPU
		{85B6584C-58AB-448C-BD3F-46B1ED6A3A86}.Release|Any CPU.Build.0 = Release|Any CPU
	EndGlobalSection
	GlobalSection(SolutionProperties) = preSolution
		HideSolutionNode = FALSE
	EndGlobalSection
	GlobalSection(ExtensibilityGlobals) = postSolution
		SolutionGuid = {D9E06800-35AC-4716-A407-4884C086364E}
	EndGlobalSection
EndGlobal
